
Microsoft Visual Studio Solution File, Format Version 12.00
# Visual Studio Version 16
VisualStudioVersion = 16.0.30907.101
MinimumVisualStudioVersion = 10.0.40219.1
Project("{FAE04EC0-301F-11D3-BF4B-00C04F79EFBC}") = "GameProject", "GameProject\GameProject.csproj", "{6C591577-A281-4BD9-862E-159FAAD64CE1}"
EndProject
Global
	GlobalSection(SolutionConfigurationPlatforms) = preSolution
		Debug|Any CPU = Debug|Any CPU
		Release|Any CPU = Release|Any CPU
	EndGlobalSection
	GlobalSection(ProjectConfigurationPlatforms) = postSolution
		{6C591577-A281-4BD9-862E-159FAAD64CE1}.Debug|Any CPU.ActiveCfg = Debug|Any CPU
		{6C591577-A281-4BD9-862E-159FAAD64CE1}.Debug|Any CPU.Build.0 = Debug|Any CPU
		{6C591577-A281-4BD9-862E-159FAAD64CE1}.Release|Any CPU.ActiveCfg = Release|Any CPU
		{6C591577-A281-4BD9-862E-159FAAD64CE1}.Release|Any CPU.Build.0 = Release|Any CPU
	EndGlobalSection
	GlobalSection(SolutionProperties) = preSolution
		HideSolutionNode = FALSE
	EndGlobalSection
	GlobalSection(ExtensibilityGlobals) = postSolution
		SolutionGuid = {240FD7C2-D3B1-4BF1-AA86-B97DDE8F4E61}
	EndGlobalSection
EndGlobal
